
Microsoft Visual Studio Solution File, Format Version 12.00
# Visual Studio Version 17
VisualStudioVersion = 17.14.36414.22 d17.14
MinimumVisualStudioVersion = 10.0.40219.1
Project("{FAE04EC0-301F-11D3-BF4B-00C04F79EFBC}") = "Tingtel Assessment.Api", "Tingtel Assessment\Tingtel Assessment.Api.csproj", "{2DB56D3F-5574-456B-A890-B6A63E7EAD75}"
EndProject
Project("{FAE04EC0-301F-11D3-BF4B-00C04F79EFBC}") = "Tingtel Assessment.Core", "Tingtel Assessment.Core\Tingtel Assessment.Core.csproj", "{20135B76-E51C-4F3D-84C9-AA98AC3FF744}"
EndProject
Global
	GlobalSection(SolutionConfigurationPlatforms) = preSolution
		Debug|Any CPU = Debug|Any CPU
		Release|Any CPU = Release|Any CPU
	EndGlobalSection
	GlobalSection(ProjectConfigurationPlatforms) = postSolution
		{2DB56D3F-5574-456B-A890-B6A63E7EAD75}.Debug|Any CPU.ActiveCfg = Debug|Any CPU
		{2DB56D3F-5574-456B-A890-B6A63E7EAD75}.Debug|Any CPU.Build.0 = Debug|Any CPU
		{2DB56D3F-5574-456B-A890-B6A63E7EAD75}.Release|Any CPU.ActiveCfg = Release|Any CPU
		{2DB56D3F-5574-456B-A890-B6A63E7EAD75}.Release|Any CPU.Build.0 = Release|Any CPU
		{20135B76-E51C-4F3D-84C9-AA98AC3FF744}.Debug|Any CPU.ActiveCfg = Debug|Any CPU
		{20135B76-E51C-4F3D-84C9-AA98AC3FF744}.Debug|Any CPU.Build.0 = Debug|Any CPU
		{20135B76-E51C-4F3D-84C9-AA98AC3FF744}.Release|Any CPU.ActiveCfg = Release|Any CPU
		{20135B76-E51C-4F3D-84C9-AA98AC3FF744}.Release|Any CPU.Build.0 = Release|Any CPU
	EndGlobalSection
	GlobalSection(SolutionProperties) = preSolution
		HideSolutionNode = FALSE
	EndGlobalSection
	GlobalSection(ExtensibilityGlobals) = postSolution
		SolutionGuid = {33D5C924-A521-4FEC-800E-62C79F169A19}
	EndGlobalSection
EndGlobal
